
Microsoft Visual Studio Solution File, Format Version 12.00
# Visual Studio Version 17
VisualStudioVersion = 17.1.32421.90
MinimumVisualStudioVersion = 10.0.40219.1
Project("{9A19103F-16F7-4668-BE54-9A1E7A4F7556}") = "SeriDeseri", "SeriDeseri.csproj", "{1720452A-B056-442F-9542-8289AEDB2721}"
EndProject
Global
	GlobalSection(SolutionConfigurationPlatforms) = preSolution
		Debug|Any CPU = Debug|Any CPU
		Release|Any CPU = Release|Any CPU
	EndGlobalSection
	GlobalSection(ProjectConfigurationPlatforms) = postSolution
		{1720452A-B056-442F-9542-8289AEDB2721}.Debug|Any CPU.ActiveCfg = Debug|Any CPU
		{1720452A-B056-442F-9542-8289AEDB2721}.Debug|Any CPU.Build.0 = Debug|Any CPU
		{1720452A-B056-442F-9542-8289AEDB2721}.Release|Any CPU.ActiveCfg = Release|Any CPU
		{1720452A-B056-442F-9542-8289AEDB2721}.Release|Any CPU.Build.0 = Release|Any CPU
	EndGlobalSection
	GlobalSection(SolutionProperties) = preSolution
		HideSolutionNode = FALSE
	EndGlobalSection
	GlobalSection(ExtensibilityGlobals) = postSolution
		SolutionGuid = {C245357C-FC31-4B9F-A248-B64497A7F211}
	EndGlobalSection
EndGlobal
